
Microsoft Visual Studio Solution File, Format Version 12.00
# Visual Studio Version 16
VisualStudioVersion = 16.0.30517.126
MinimumVisualStudioVersion = 10.0.40219.1
Project("{9A19103F-16F7-4668-BE54-9A1E7A4F7556}") = "Nez", "Nez\Nez.Portable\Nez.csproj", "{E0A83523-F4BB-4E0B-BFFE-36B8C6A9CA6D}"
EndProject
Project("{9A19103F-16F7-4668-BE54-9A1E7A4F7556}") = "Game", "Game\Game.csproj", "{376CE5D9-B0F6-4D6A-9D7C-DD04B2D90225}"
EndProject
Project("{9A19103F-16F7-4668-BE54-9A1E7A4F7556}") = "Nez.Persistence", "Nez\Nez.Persistence\Nez.Persistence.csproj", "{FE9B99C3-3886-4A85-8B3B-6EE4778B1F77}"
EndProject
Project("{9A19103F-16F7-4668-BE54-9A1E7A4F7556}") = "Nez.ImGui", "Nez\Nez.ImGui\Nez.ImGui.csproj", "{ADE86C24-2BA7-4DDF-BAD9-6BA058048039}"
EndProject
Global
	GlobalSection(SolutionConfigurationPlatforms) = preSolution
		Debug|Any CPU = Debug|Any CPU
		Release|Any CPU = Release|Any CPU
	EndGlobalSection
	GlobalSection(ProjectConfigurationPlatforms) = postSolution
		{E0A83523-F4BB-4E0B-BFFE-36B8C6A9CA6D}.Debug|Any CPU.ActiveCfg = Debug|Any CPU
		{E0A83523-F4BB-4E0B-BFFE-36B8C6A9CA6D}.Debug|Any CPU.Build.0 = Debug|Any CPU
		{E0A83523-F4BB-4E0B-BFFE-36B8C6A9CA6D}.Release|Any CPU.ActiveCfg = Release|Any CPU
		{E0A83523-F4BB-4E0B-BFFE-36B8C6A9CA6D}.Release|Any CPU.Build.0 = Release|Any CPU
		{376CE5D9-B0F6-4D6A-9D7C-DD04B2D90225}.Debug|Any CPU.ActiveCfg = Debug|Any CPU
		{376CE5D9-B0F6-4D6A-9D7C-DD04B2D90225}.Debug|Any CPU.Build.0 = Debug|Any CPU
		{376CE5D9-B0F6-4D6A-9D7C-DD04B2D90225}.Release|Any CPU.ActiveCfg = Release|Any CPU
		{376CE5D9-B0F6-4D6A-9D7C-DD04B2D90225}.Release|Any CPU.Build.0 = Release|Any CPU
		{FE9B99C3-3886-4A85-8B3B-6EE4778B1F77}.Debug|Any CPU.ActiveCfg = Debug|Any CPU
		{FE9B99C3-3886-4A85-8B3B-6EE4778B1F77}.Debug|Any CPU.Build.0 = Debug|Any CPU
		{FE9B99C3-3886-4A85-8B3B-6EE4778B1F77}.Release|Any CPU.ActiveCfg = Release|Any CPU
		{FE9B99C3-3886-4A85-8B3B-6EE4778B1F77}.Release|Any CPU.Build.0 = Release|Any CPU
		{ADE86C24-2BA7-4DDF-BAD9-6BA058048039}.Debug|Any CPU.ActiveCfg = Debug|Any CPU
		{ADE86C24-2BA7-4DDF-BAD9-6BA058048039}.Debug|Any CPU.Build.0 = Debug|Any CPU
		{ADE86C24-2BA7-4DDF-BAD9-6BA058048039}.Release|Any CPU.ActiveCfg = Release|Any CPU
		{ADE86C24-2BA7-4DDF-BAD9-6BA058048039}.Release|Any CPU.Build.0 = Release|Any CPU
	EndGlobalSection
	GlobalSection(SolutionProperties) = preSolution
		HideSolutionNode = FALSE
	EndGlobalSection
	GlobalSection(ExtensibilityGlobals) = postSolution
		SolutionGuid = {50B30243-0A08-431D-85CD-CF2A4DD50DCB}
	EndGlobalSection
EndGlobal
